{
  "version": "5",
  "specifiers": {
    "jsr:@alexreardon/limit-once@0.8": "0.8.0",
    "jsr:@cross/deepmerge@1": "1.0.0",
    "jsr:@cross/dir@^1.1.0": "1.1.1",
    "jsr:@cross/env@1": "1.0.3",
    "jsr:@cross/fs@~0.1.11": "0.1.14",
    "jsr:@cross/runtime@1": "1.2.1",
    "jsr:@cross/utils@0.16": "0.16.0",
    "jsr:@hugoalh/range-iterator@3": "3.0.0",
    "jsr:@hugoalh/setation@^2.0.1": "2.0.1",
    "jsr:@korkje/memz@0.2.1": "0.2.1",
    "jsr:@macil/aocd@^2.0.3": "2.0.3",
    "jsr:@macil/grid@~0.2.2": "0.2.2",
    "jsr:@macil/z3-solver@^1.0.5": "1.0.5",
    "jsr:@std/assert@^1.0.19": "1.0.19",
    "jsr:@std/cli@^1.0.6": "1.0.29",
    "jsr:@std/data-structures@^1.0.11": "1.0.11",
    "jsr:@std/internal@^1.0.12": "1.0.13",
    "jsr:@std/path@^1.0.8": "1.1.4",
    "npm:@easy-data-structure-js/union-find@1": "1.0.0",
    "npm:mnemonist@~0.40.4": "0.40.4",
    "npm:z3-solver@4.15.4": "4.15.4"
  },
  "jsr": {
    "@alexreardon/limit-once@0.8.0": {
      "integrity": "5d074aa6470a789b90ff0c108f0a1bb32815a1e16e7fb5e0f14c571e0afb8d0e"
    },
    "@cross/deepmerge@1.0.0": {
      "integrity": "1e1318a74e31ba1959b9aa0acae8bd417b806f74ffd25ac07c90e12f83ad6b1d"
    },
    "@cross/dir@1.1.1": {
      "integrity": "b90bd555fb1c145c38b3925c319a92ace4c7de200512dbc9347b70ce7b8a4324",
      "dependencies": [
        "jsr:@cross/env",
        "jsr:@cross/runtime",
        "jsr:@cross/utils"
      ]
    },
    "@cross/env@1.0.3": {
      "integrity": "218d2dd68bec55cf047d1670a8bddc304b9c011a8ad22e647afa916bb796c8b4",
      "dependencies": [
        "jsr:@cross/deepmerge",
        "jsr:@cross/runtime"
      ]
    },
    "@cross/fs@0.1.14": {
      "integrity": "d59c53ef26e02d1d0369b0bcf1d01dbac89ef2fbc938c00ae9d8e7ed281ae96b",
      "dependencies": [
        "jsr:@cross/env",
        "jsr:@cross/runtime",
        "jsr:@std/path"
      ]
    },
    "@cross/runtime@1.2.1": {
      "integrity": "f462fcf2fd678f9073291b4e55209b90f58c8d508764a84205d178abdcf22fc9"
    },
    "@cross/utils@0.16.0": {
      "integrity": "c6333cafd9be41a04c449655120989b8f3601322f7344db30f9d00eef7bc942f",
      "dependencies": [
        "jsr:@cross/fs",
        "jsr:@cross/runtime"
      ]
    },
    "@hugoalh/range-iterator@3.0.0": {
      "integrity": "6e72977a1f3f337ba711f4189504acb294d889edd347c185190490a1d6ee5973"
    },
    "@hugoalh/setation@2.0.1": {
      "integrity": "3bf0d87cd39a51103da1f7de66c6ea1f6b13d3f2df9bce4a7f31cb10b4df5ab7"
    },
    "@korkje/memz@0.2.1": {
      "integrity": "ea68db152c9454143a8440edfd88ec7710b73a9c334a81f4299ef0cd6de5c25f"
    },
    "@macil/aocd@2.0.3": {
      "integrity": "ccb39c0e444db58f144cb4aa55f344b57b0f747dda32841a20c6277060f5a4cc",
      "dependencies": [
        "jsr:@cross/dir",
        "jsr:@korkje/memz",
        "jsr:@std/cli"
      ]
    },
    "@macil/grid@0.2.2": {
      "integrity": "ac55932d95c3860f86c5dbb20a20c6ce0b8ef4866942eeb28925d2d90a0f6822",
      "dependencies": [
        "jsr:@alexreardon/limit-once"
      ]
    },
    "@macil/z3-solver@1.0.5": {
      "integrity": "dc34e09f93d3d1e0eae1dec5c19ee892b55df4b72f2252ac9c74f7f5575e2d35",
      "dependencies": [
        "npm:z3-solver"
      ]
    },
    "@std/assert@1.0.19": {
      "integrity": "eaada96ee120cb980bc47e040f82814d786fe8162ecc53c91d8df60b8755991e",
      "dependencies": [
        "jsr:@std/internal"
      ]
    },
    "@std/cli@1.0.29": {
      "integrity": "fa4ef29130baa834d8a13b7d138240c3a2fcfba740bfb7afa646a360a15ec84f"
    },
    "@std/data-structures@1.0.11": {
      "integrity": "53b98ed7efa61f107dfc14244bd2ec5557f7f7ee0bbaef6d449d7937facacb89"
    },
    "@std/internal@1.0.13": {
      "integrity": "2f9546691d4ac2d32859c82dff284aaeac980ddeca38430d07941e7e288725c0"
    },
    "@std/path@1.1.4": {
      "integrity": "1d2d43f39efb1b42f0b1882a25486647cb851481862dc7313390b2bb044314b5",
      "dependencies": [
        "jsr:@std/internal"
      ]
    }
  },
  "npm": {
    "@easy-data-structure-js/union-find@1.0.0": {
      "integrity": "sha512-CASCnlhfkcs0T4RuU7cjestooha0Bpg/vpkoCxCgVdXPK/jOaGBTpjss6Ffa5URu+67hPxSVNRrAZos6sF43kQ=="
    },
    "async-mutex@0.3.2": {
      "integrity": "sha512-HuTK7E7MT7jZEh1P9GtRW9+aTWiDWWi9InbZ5hjxrnRa39KS4BW04+xLBhYNS2aXhHUIKZSw3gj4Pn1pj+qGAA==",
      "dependencies": [
        "tslib"
      ]
    },
    "mnemonist@0.40.4": {
      "integrity": "sha512-ZAv+KNavneRVzu4tUeOgzkScI3W5BGwZ3rkxIpKtzzVgfTtWQFN1CgX0U72cyvyh3iTuHL3SiSmrQxTlryEIcw==",
      "dependencies": [
        "obliterator"
      ]
    },
    "obliterator@2.0.5": {
      "integrity": "sha512-42CPE9AhahZRsMNslczq0ctAEtqk8Eka26QofnqC346BZdHDySk3LWka23LI7ULIw11NmltpiLagIq8gBozxTw=="
    },
    "tslib@2.8.1": {
      "integrity": "sha512-oJFu94HQb+KVduSUQL7wnpmqnfmLsOA/nAh6b6EH0wCEoK0/mPeXU6c3wKDV83MkOuHPRHtSXKKU99IBazS/2w=="
    },
    "z3-solver@4.15.4": {
      "integrity": "sha512-Tcv55+k5VsPQEX7R3gIu5ieUeLp9fP1r+8+c85dQORj/v4Fy+LvOzVzZZtg4mJjUgfIhGCg6ZfAeiUiUxDPRVg==",
      "dependencies": [
        "async-mutex"
      ]
    }
  },
  "workspace": {
    "dependencies": [
      "jsr:@hugoalh/range-iterator@3",
      "jsr:@hugoalh/setation@^2.0.1",
      "jsr:@macil/aocd@^2.0.3",
      "jsr:@macil/grid@~0.2.2",
      "jsr:@macil/z3-solver@^1.0.5",
      "jsr:@std/assert@^1.0.19",
      "jsr:@std/data-structures@^1.0.11",
      "npm:@easy-data-structure-js/union-find@1",
      "npm:mnemonist@~0.40.4"
    ]
  }
}
