{
  "version": "5",
  "specifiers": {
    "jsr:@alexreardon/limit-once@0.8": "0.8.0",
    "jsr:@cross/deepmerge@1": "1.0.0",
    "jsr:@cross/dir@^1.1.0": "1.1.0",
    "jsr:@cross/env@1": "1.0.3",
    "jsr:@cross/runtime@1": "1.2.1",
    "jsr:@cross/utils@0.7": "0.7.1",
    "jsr:@hugoalh/range-iterator@3": "3.0.0",
    "jsr:@hugoalh/setation@^2.0.1": "2.0.1",
    "jsr:@korkje/memz@0.2.1": "0.2.1",
    "jsr:@macil/aocd@^2.0.3": "2.0.3",
    "jsr:@macil/grid@~0.2.2": "0.2.2",
    "jsr:@macil/z3-solver@^1.0.4": "1.0.4",
    "jsr:@std/assert@^1.0.17": "1.0.17",
    "jsr:@std/cli@^1.0.6": "1.0.24",
    "jsr:@std/data-structures@^1.0.10": "1.0.10",
    "jsr:@std/internal@^1.0.12": "1.0.12",
    "npm:@easy-data-structure-js/union-find@1": "1.0.0",
    "npm:mnemonist@~0.40.3": "0.40.3",
    "npm:z3-solver@4.15.4": "4.15.4"
  },
  "jsr": {
    "@alexreardon/limit-once@0.8.0": {
      "integrity": "5d074aa6470a789b90ff0c108f0a1bb32815a1e16e7fb5e0f14c571e0afb8d0e"
    },
    "@cross/deepmerge@1.0.0": {
      "integrity": "1e1318a74e31ba1959b9aa0acae8bd417b806f74ffd25ac07c90e12f83ad6b1d"
    },
    "@cross/dir@1.1.0": {
      "integrity": "41eb779daf160f53bc33ef91f593f332fffc52ec9b81f87178db564718534e59",
      "dependencies": [
        "jsr:@cross/env",
        "jsr:@cross/runtime",
        "jsr:@cross/utils"
      ]
    },
    "@cross/env@1.0.3": {
      "integrity": "218d2dd68bec55cf047d1670a8bddc304b9c011a8ad22e647afa916bb796c8b4",
      "dependencies": [
        "jsr:@cross/deepmerge",
        "jsr:@cross/runtime"
      ]
    },
    "@cross/runtime@1.2.1": {
      "integrity": "f462fcf2fd678f9073291b4e55209b90f58c8d508764a84205d178abdcf22fc9"
    },
    "@cross/utils@0.7.1": {
      "integrity": "6cc50ad31b0904364188c43d10e3d4888d817a3d415528b014c27deb8a35564e",
      "dependencies": [
        "jsr:@cross/runtime"
      ]
    },
    "@hugoalh/range-iterator@3.0.0": {
      "integrity": "6e72977a1f3f337ba711f4189504acb294d889edd347c185190490a1d6ee5973"
    },
    "@hugoalh/setation@2.0.1": {
      "integrity": "3bf0d87cd39a51103da1f7de66c6ea1f6b13d3f2df9bce4a7f31cb10b4df5ab7"
    },
    "@korkje/memz@0.2.1": {
      "integrity": "ea68db152c9454143a8440edfd88ec7710b73a9c334a81f4299ef0cd6de5c25f"
    },
    "@macil/aocd@2.0.3": {
      "integrity": "ccb39c0e444db58f144cb4aa55f344b57b0f747dda32841a20c6277060f5a4cc",
      "dependencies": [
        "jsr:@cross/dir",
        "jsr:@korkje/memz",
        "jsr:@std/cli"
      ]
    },
    "@macil/grid@0.2.2": {
      "integrity": "ac55932d95c3860f86c5dbb20a20c6ce0b8ef4866942eeb28925d2d90a0f6822",
      "dependencies": [
        "jsr:@alexreardon/limit-once"
      ]
    },
    "@macil/z3-solver@1.0.4": {
      "integrity": "b00cde3c6c046e094fa95849c3099c29b5cd0e05e296050103c7237216343a0b",
      "dependencies": [
        "npm:z3-solver"
      ]
    },
    "@std/assert@1.0.17": {
      "integrity": "df5ebfffe77c03b3fa1401e11c762cc8f603d51021c56c4d15a8c7ab45e90dbe",
      "dependencies": [
        "jsr:@std/internal"
      ]
    },
    "@std/cli@1.0.24": {
      "integrity": "b655a5beb26aa94f98add6bc8889f5fb9bc3ee2cc3fc954e151201f4c4200a5e"
    },
    "@std/data-structures@1.0.10": {
      "integrity": "f574f86b0e07c69b9edc555fcc814b57d29258bad39fd5a34ba8a80ecf033cfe"
    },
    "@std/internal@1.0.12": {
      "integrity": "972a634fd5bc34b242024402972cd5143eac68d8dffaca5eaa4dba30ce17b027"
    }
  },
  "npm": {
    "@easy-data-structure-js/union-find@1.0.0": {
      "integrity": "sha512-CASCnlhfkcs0T4RuU7cjestooha0Bpg/vpkoCxCgVdXPK/jOaGBTpjss6Ffa5URu+67hPxSVNRrAZos6sF43kQ=="
    },
    "async-mutex@0.3.2": {
      "integrity": "sha512-HuTK7E7MT7jZEh1P9GtRW9+aTWiDWWi9InbZ5hjxrnRa39KS4BW04+xLBhYNS2aXhHUIKZSw3gj4Pn1pj+qGAA==",
      "dependencies": [
        "tslib"
      ]
    },
    "mnemonist@0.40.3": {
      "integrity": "sha512-Vjyr90sJ23CKKH/qPAgUKicw/v6pRoamxIEDFOF8uSgFME7DqPRpHgRTejWVjkdGg5dXj0/NyxZHZ9bcjH+2uQ==",
      "dependencies": [
        "obliterator"
      ]
    },
    "obliterator@2.0.5": {
      "integrity": "sha512-42CPE9AhahZRsMNslczq0ctAEtqk8Eka26QofnqC346BZdHDySk3LWka23LI7ULIw11NmltpiLagIq8gBozxTw=="
    },
    "tslib@2.8.1": {
      "integrity": "sha512-oJFu94HQb+KVduSUQL7wnpmqnfmLsOA/nAh6b6EH0wCEoK0/mPeXU6c3wKDV83MkOuHPRHtSXKKU99IBazS/2w=="
    },
    "z3-solver@4.15.4": {
      "integrity": "sha512-Tcv55+k5VsPQEX7R3gIu5ieUeLp9fP1r+8+c85dQORj/v4Fy+LvOzVzZZtg4mJjUgfIhGCg6ZfAeiUiUxDPRVg==",
      "dependencies": [
        "async-mutex"
      ]
    }
  },
  "workspace": {
    "dependencies": [
      "jsr:@hugoalh/range-iterator@3",
      "jsr:@hugoalh/setation@^2.0.1",
      "jsr:@macil/aocd@^2.0.3",
      "jsr:@macil/grid@~0.2.2",
      "jsr:@macil/z3-solver@^1.0.4",
      "jsr:@std/assert@^1.0.17",
      "jsr:@std/data-structures@^1.0.10",
      "npm:@easy-data-structure-js/union-find@1",
      "npm:mnemonist@~0.40.3"
    ]
  }
}
